
Microsoft Visual Studio Solution File, Format Version 12.00
# Visual Studio Version 17
VisualStudioVersion = 17.11.35327.3
MinimumVisualStudioVersion = 10.0.40219.1
Project("{FAE04EC0-301F-11D3-BF4B-00C04F79EFBC}") = "IntroductionCSharp", "IntroductionCSharp.csproj", "{9FEFA0FC-F8F0-4001-B53A-CE2B96AA7DEA}"
EndProject
Global
	GlobalSection(SolutionConfigurationPlatforms) = preSolution
		Debug|Any CPU = Debug|Any CPU
		Release|Any CPU = Release|Any CPU
	EndGlobalSection
	GlobalSection(ProjectConfigurationPlatforms) = postSolution
		{9FEFA0FC-F8F0-4001-B53A-CE2B96AA7DEA}.Debug|Any CPU.ActiveCfg = Debug|Any CPU
		{9FEFA0FC-F8F0-4001-B53A-CE2B96AA7DEA}.Debug|Any CPU.Build.0 = Debug|Any CPU
		{9FEFA0FC-F8F0-4001-B53A-CE2B96AA7DEA}.Release|Any CPU.ActiveCfg = Release|Any CPU
		{9FEFA0FC-F8F0-4001-B53A-CE2B96AA7DEA}.Release|Any CPU.Build.0 = Release|Any CPU
	EndGlobalSection
	GlobalSection(SolutionProperties) = preSolution
		HideSolutionNode = FALSE
	EndGlobalSection
	GlobalSection(ExtensibilityGlobals) = postSolution
		SolutionGuid = {46FAFC5C-F4CF-4595-93E7-6C26A3ACEF39}
	EndGlobalSection
EndGlobal
